// !$*UTF8*$!
{
	archiveVersion = 1;
	classes = {
	};
	objectVersion = 56;
	objects = {

/* Begin PBXBuildFile section */
		220DD7DC29C93210002D9487 /* BlockDemoApp.swift in Sources */ = {isa = PBXBuildFile; fileRef = 220DD7DB29C93210002D9487 /* BlockDemoApp.swift */; };
		220DD7DE29C93210002D9487 /* ContentView.swift in Sources */ = {isa = PBXBuildFile; fileRef = 220DD7DD29C93210002D9487 /* ContentView.swift */; };
		220DD7E029C93211002D9487 /* Assets.xcassets in Resources */ = {isa = PBXBuildFile; fileRef = 220DD7DF29C93211002D9487 /* Assets.xcassets */; };
		220DD7E329C93211002D9487 /* Preview Assets.xcassets in Resources */ = {isa = PBXBuildFile; fileRef = 220DD7E229C93211002D9487 /* Preview Assets.xcassets */; };
		220DD7ED29C93212002D9487 /* BlockDemoTests.swift in Sources */ = {isa = PBXBuildFile; fileRef = 220DD7EC29C93212002D9487 /* BlockDemoTests.swift */; };
		220DD7F729C93212002D9487 /* BlockDemoUITests.swift in Sources */ = {isa = PBXBuildFile; fileRef = 220DD7F629C93212002D9487 /* BlockDemoUITests.swift */; };
		220DD7F929C93212002D9487 /* BlockDemoUITestsLaunchTests.swift in Sources */ = {isa = PBXBuildFile; fileRef = 220DD7F829C93212002D9487 /* BlockDemoUITestsLaunchTests.swift */; };
		220DD80729C9348D002D9487 /* Employee.swift in Sources */ = {isa = PBXBuildFile; fileRef = 220DD80629C9348D002D9487 /* Employee.swift */; };
		220DD80A29C93F97002D9487 /* EmployeeListRow.swift in Sources */ = {isa = PBXBuildFile; fileRef = 220DD80929C93F97002D9487 /* EmployeeListRow.swift */; };
		224B644F29C95E8C00F08EA3 /* NetworkService.swift in Sources */ = {isa = PBXBuildFile; fileRef = 224B644E29C95E8C00F08EA3 /* NetworkService.swift */; };
		224B645129C9621D00F08EA3 /* ContentViewModel.swift in Sources */ = {isa = PBXBuildFile; fileRef = 224B645029C9621D00F08EA3 /* ContentViewModel.swift */; };
		2286A9CE29CBB0B3009CBFB8 /* CachedAsyncImage in Frameworks */ = {isa = PBXBuildFile; productRef = 2286A9CD29CBB0B3009CBFB8 /* CachedAsyncImage */; };
		229F2A8029CAB90000C10DFA /* Colors.swift in Sources */ = {isa = PBXBuildFile; fileRef = 229F2A7F29CAB90000C10DFA /* Colors.swift */; };
		229F2A8229CAC1B300C10DFA /* SequenceExtensions.swift in Sources */ = {isa = PBXBuildFile; fileRef = 229F2A8129CAC1B300C10DFA /* SequenceExtensions.swift */; };
		22B5315C29CA26000019D6AA /* StringExtensions.swift in Sources */ = {isa = PBXBuildFile; fileRef = 22B5315B29CA26000019D6AA /* StringExtensions.swift */; };
/* End PBXBuildFile section */

/* Begin PBXContainerItemProxy section */
		220DD7E929C93212002D9487 /* PBXContainerItemProxy */ = {
			isa = PBXContainerItemProxy;
			containerPortal = 220DD7D029C93210002D9487 /* Project object */;
			proxyType = 1;
			remoteGlobalIDString = 220DD7D729C93210002D9487;
			remoteInfo = BlockDemo;
		};
		220DD7F329C93212002D9487 /* PBXContainerItemProxy */ = {
			isa = PBXContainerItemProxy;
			containerPortal = 220DD7D029C93210002D9487 /* Project object */;
			proxyType = 1;
			remoteGlobalIDString = 220DD7D729C93210002D9487;
			remoteInfo = BlockDemo;
		};
/* End PBXContainerItemProxy section */

/* Begin PBXFileReference section */
		220DD7D829C93210002D9487 /* BlockDemo.app */ = {isa = PBXFileReference; explicitFileType = wrapper.application; includeInIndex = 0; path = BlockDemo.app; sourceTree = BUILT_PRODUCTS_DIR; };
		220DD7DB29C93210002D9487 /* BlockDemoApp.swift */ = {isa = PBXFileReference; lastKnownFileType = sourcecode.swift; path = BlockDemoApp.swift; sourceTree = "<group>"; };
		220DD7DD29C93210002D9487 /* ContentView.swift */ = {isa = PBXFileReference; lastKnownFileType = sourcecode.swift; path = ContentView.swift; sourceTree = "<group>"; };
		220DD7DF29C93211002D9487 /* Assets.xcassets */ = {isa = PBXFileReference; lastKnownFileType = folder.assetcatalog; path = Assets.xcassets; sourceTree = "<group>"; };
		220DD7E229C93211002D9487 /* Preview Assets.xcassets */ = {isa = PBXFileReference; lastKnownFileType = folder.assetcatalog; path = "Preview Assets.xcassets"; sourceTree = "<group>"; };
		220DD7E829C93212002D9487 /* BlockDemoTests.xctest */ = {isa = PBXFileReference; explicitFileType = wrapper.cfbundle; includeInIndex = 0; path = BlockDemoTests.xctest; sourceTree = BUILT_PRODUCTS_DIR; };
		220DD7EC29C93212002D9487 /* BlockDemoTests.swift */ = {isa = PBXFileReference; lastKnownFileType = sourcecode.swift; path = BlockDemoTests.swift; sourceTree = "<group>"; };
		220DD7F229C93212002D9487 /* BlockDemoUITests.xctest */ = {isa = PBXFileReference; explicitFileType = wrapper.cfbundle; includeInIndex = 0; path = BlockDemoUITests.xctest; sourceTree = BUILT_PRODUCTS_DIR; };
		220DD7F629C93212002D9487 /* BlockDemoUITests.swift */ = {isa = PBXFileReference; lastKnownFileType = sourcecode.swift; path = BlockDemoUITests.swift; sourceTree = "<group>"; };
		220DD7F829C93212002D9487 /* BlockDemoUITestsLaunchTests.swift */ = {isa = PBXFileReference; lastKnownFileType = sourcecode.swift; path = BlockDemoUITestsLaunchTests.swift; sourceTree = "<group>"; };
		220DD80629C9348D002D9487 /* Employee.swift */ = {isa = PBXFileReference; lastKnownFileType = sourcecode.swift; path = Employee.swift; sourceTree = "<group>"; };
		220DD80929C93F97002D9487 /* EmployeeListRow.swift */ = {isa = PBXFileReference; lastKnownFileType = sourcecode.swift; path = EmployeeListRow.swift; sourceTree = "<group>"; };
		224B644E29C95E8C00F08EA3 /* NetworkService.swift */ = {isa = PBXFileReference; lastKnownFileType = sourcecode.swift; path = NetworkService.swift; sourceTree = "<group>"; };
		224B645029C9621D00F08EA3 /* ContentViewModel.swift */ = {isa = PBXFileReference; lastKnownFileType = sourcecode.swift; path = ContentViewModel.swift; sourceTree = "<group>"; };
		229F2A7F29CAB90000C10DFA /* Colors.swift */ = {isa = PBXFileReference; lastKnownFileType = sourcecode.swift; path = Colors.swift; sourceTree = "<group>"; };
		229F2A8129CAC1B300C10DFA /* SequenceExtensions.swift */ = {isa = PBXFileReference; lastKnownFileType = sourcecode.swift; path = SequenceExtensions.swift; sourceTree = "<group>"; };
		22B5315B29CA26000019D6AA /* StringExtensions.swift */ = {isa = PBXFileReference; lastKnownFileType = sourcecode.swift; path = StringExtensions.swift; sourceTree = "<group>"; };
/* End PBXFileReference section */

/* Begin PBXFrameworksBuildPhase section */
		220DD7D529C93210002D9487 /* Frameworks */ = {
			isa = PBXFrameworksBuildPhase;
			buildActionMask = 2147483647;
			files = (
				2286A9CE29CBB0B3009CBFB8 /* CachedAsyncImage in Frameworks */,
			);
			runOnlyForDeploymentPostprocessing = 0;
		};
		220DD7E529C93212002D9487 /* Frameworks */ = {
			isa = PBXFrameworksBuildPhase;
			buildActionMask = 2147483647;
			files = (
			);
			runOnlyForDeploymentPostprocessing = 0;
		};
		220DD7EF29C93212002D9487 /* Frameworks */ = {
			isa = PBXFrameworksBuildPhase;
			buildActionMask = 2147483647;
			files = (
			);
			runOnlyForDeploymentPostprocessing = 0;
		};
/* End PBXFrameworksBuildPhase section */

/* Begin PBXGroup section */
		220DD7CF29C93210002D9487 = {
			isa = PBXGroup;
			children = (
				220DD7DA29C93210002D9487 /* BlockDemo */,
				220DD7EB29C93212002D9487 /* BlockDemoTests */,
				220DD7F529C93212002D9487 /* BlockDemoUITests */,
				220DD7D929C93210002D9487 /* Products */,
			);
			sourceTree = "<group>";
		};
		220DD7D929C93210002D9487 /* Products */ = {
			isa = PBXGroup;
			children = (
				220DD7D829C93210002D9487 /* BlockDemo.app */,
				220DD7E829C93212002D9487 /* BlockDemoTests.xctest */,
				220DD7F229C93212002D9487 /* BlockDemoUITests.xctest */,
			);
			name = Products;
			sourceTree = "<group>";
		};
		220DD7DA29C93210002D9487 /* BlockDemo */ = {
			isa = PBXGroup;
			children = (
				22B5315929CA25EB0019D6AA /* Helpers */,
				224B644D29C95E5700F08EA3 /* Networking */,
				220DD80829C93F77002D9487 /* UI */,
				220DD80529C9347F002D9487 /* Model */,
				220DD7DB29C93210002D9487 /* BlockDemoApp.swift */,
				220DD7DD29C93210002D9487 /* ContentView.swift */,
				224B645029C9621D00F08EA3 /* ContentViewModel.swift */,
				220DD7DF29C93211002D9487 /* Assets.xcassets */,
				220DD7E129C93211002D9487 /* Preview Content */,
			);
			path = BlockDemo;
			sourceTree = "<group>";
		};
		220DD7E129C93211002D9487 /* Preview Content */ = {
			isa = PBXGroup;
			children = (
				220DD7E229C93211002D9487 /* Preview Assets.xcassets */,
			);
			path = "Preview Content";
			sourceTree = "<group>";
		};
		220DD7EB29C93212002D9487 /* BlockDemoTests */ = {
			isa = PBXGroup;
			children = (
				220DD7EC29C93212002D9487 /* BlockDemoTests.swift */,
			);
			path = BlockDemoTests;
			sourceTree = "<group>";
		};
		220DD7F529C93212002D9487 /* BlockDemoUITests */ = {
			isa = PBXGroup;
			children = (
				220DD7F629C93212002D9487 /* BlockDemoUITests.swift */,
				220DD7F829C93212002D9487 /* BlockDemoUITestsLaunchTests.swift */,
			);
			path = BlockDemoUITests;
			sourceTree = "<group>";
		};
		220DD80529C9347F002D9487 /* Model */ = {
			isa = PBXGroup;
			children = (
				220DD80629C9348D002D9487 /* Employee.swift */,
			);
			path = Model;
			sourceTree = "<group>";
		};
		220DD80829C93F77002D9487 /* UI */ = {
			isa = PBXGroup;
			children = (
				220DD80929C93F97002D9487 /* EmployeeListRow.swift */,
			);
			path = UI;
			sourceTree = "<group>";
		};
		224B644D29C95E5700F08EA3 /* Networking */ = {
			isa = PBXGroup;
			children = (
				224B644E29C95E8C00F08EA3 /* NetworkService.swift */,
			);
			path = Networking;
			sourceTree = "<group>";
		};
		22B5315929CA25EB0019D6AA /* Helpers */ = {
			isa = PBXGroup;
			children = (
				22B5315A29CA25F30019D6AA /* Extensions */,
				229F2A7F29CAB90000C10DFA /* Colors.swift */,
			);
			path = Helpers;
			sourceTree = "<group>";
		};
		22B5315A29CA25F30019D6AA /* Extensions */ = {
			isa = PBXGroup;
			children = (
				22B5315B29CA26000019D6AA /* StringExtensions.swift */,
				229F2A8129CAC1B300C10DFA /* SequenceExtensions.swift */,
			);
			path = Extensions;
			sourceTree = "<group>";
		};
/* End PBXGroup section */

/* Begin PBXNativeTarget section */
		220DD7D729C93210002D9487 /* BlockDemo */ = {
			isa = PBXNativeTarget;
			buildConfigurationList = 220DD7FC29C93212002D9487 /* Build configuration list for PBXNativeTarget "BlockDemo" */;
			buildPhases = (
				220DD7D429C93210002D9487 /* Sources */,
				220DD7D529C93210002D9487 /* Frameworks */,
				220DD7D629C93210002D9487 /* Resources */,
			);
			buildRules = (
			);
			dependencies = (
			);
			name = BlockDemo;
			packageProductDependencies = (
				2286A9CD29CBB0B3009CBFB8 /* CachedAsyncImage */,
			);
			productName = BlockDemo;
			productReference = 220DD7D829C93210002D9487 /* BlockDemo.app */;
			productType = "com.apple.product-type.application";
		};
		220DD7E729C93212002D9487 /* BlockDemoTests */ = {
			isa = PBXNativeTarget;
			buildConfigurationList = 220DD7FF29C93212002D9487 /* Build configuration list for PBXNativeTarget "BlockDemoTests" */;
			buildPhases = (
				220DD7E429C93212002D9487 /* Sources */,
				220DD7E529C93212002D9487 /* Frameworks */,
				220DD7E629C93212002D9487 /* Resources */,
			);
			buildRules = (
			);
			dependencies = (
				220DD7EA29C93212002D9487 /* PBXTargetDependency */,
			);
			name = BlockDemoTests;
			productName = BlockDemoTests;
			productReference = 220DD7E829C93212002D9487 /* BlockDemoTests.xctest */;
			productType = "com.apple.product-type.bundle.unit-test";
		};
		220DD7F129C93212002D9487 /* BlockDemoUITests */ = {
			isa = PBXNativeTarget;
			buildConfigurationList = 220DD80229C93212002D9487 /* Build configuration list for PBXNativeTarget "BlockDemoUITests" */;
			buildPhases = (
				220DD7EE29C93212002D9487 /* Sources */,
				220DD7EF29C93212002D9487 /* Frameworks */,
				220DD7F029C93212002D9487 /* Resources */,
			);
			buildRules = (
			);
			dependencies = (
				220DD7F429C93212002D9487 /* PBXTargetDependency */,
			);
			name = BlockDemoUITests;
			productName = BlockDemoUITests;
			productReference = 220DD7F229C93212002D9487 /* BlockDemoUITests.xctest */;
			productType = "com.apple.product-type.bundle.ui-testing";
		};
/* End PBXNativeTarget section */

/* Begin PBXProject section */
		220DD7D029C93210002D9487 /* Project object */ = {
			isa = PBXProject;
			attributes = {
				BuildIndependentTargetsInParallel = 1;
				LastSwiftUpdateCheck = 1420;
				LastUpgradeCheck = 1420;
				TargetAttributes = {
					220DD7D729C93210002D9487 = {
						CreatedOnToolsVersion = 14.2;
					};
					220DD7E729C93212002D9487 = {
						CreatedOnToolsVersion = 14.2;
						TestTargetID = 220DD7D729C93210002D9487;
					};
					220DD7F129C93212002D9487 = {
						CreatedOnToolsVersion = 14.2;
						TestTargetID = 220DD7D729C93210002D9487;
					};
				};
			};
			buildConfigurationList = 220DD7D329C93210002D9487 /* Build configuration list for PBXProject "BlockDemo" */;
			compatibilityVersion = "Xcode 14.0";
			developmentRegion = en;
			hasScannedForEncodings = 0;
			knownRegions = (
				en,
				Base,
			);
			mainGroup = 220DD7CF29C93210002D9487;
			packageReferences = (
				2286A9CC29CBB0B3009CBFB8 /* XCRemoteSwiftPackageReference "swiftui-cached-async-image" */,
			);
			productRefGroup = 220DD7D929C93210002D9487 /* Products */;
			projectDirPath = "";
			projectRoot = "";
			targets = (
				220DD7D729C93210002D9487 /* BlockDemo */,
				220DD7E729C93212002D9487 /* BlockDemoTests */,
				220DD7F129C93212002D9487 /* BlockDemoUITests */,
			);
		};
/* End PBXProject section */

/* Begin PBXResourcesBuildPhase section */
		220DD7D629C93210002D9487 /* Resources */ = {
			isa = PBXResourcesBuildPhase;
			buildActionMask = 2147483647;
			files = (
				220DD7E329C93211002D9487 /* Preview Assets.xcassets in Resources */,
				220DD7E029C93211002D9487 /* Assets.xcassets in Resources */,
			);
			runOnlyForDeploymentPostprocessing = 0;
		};
		220DD7E629C93212002D9487 /* Resources */ = {
			isa = PBXResourcesBuildPhase;
			buildActionMask = 2147483647;
			files = (
			);
			runOnlyForDeploymentPostprocessing = 0;
		};
		220DD7F029C93212002D9487 /* Resources */ = {
			isa = PBXResourcesBuildPhase;
			buildActionMask = 2147483647;
			files = (
			);
			runOnlyForDeploymentPostprocessing = 0;
		};
/* End PBXResourcesBuildPhase section */

/* Begin PBXSourcesBuildPhase section */
		220DD7D429C93210002D9487 /* Sources */ = {
			isa = PBXSourcesBuildPhase;
			buildActionMask = 2147483647;
			files = (
				224B644F29C95E8C00F08EA3 /* NetworkService.swift in Sources */,
				229F2A8229CAC1B300C10DFA /* SequenceExtensions.swift in Sources */,
				229F2A8029CAB90000C10DFA /* Colors.swift in Sources */,
				220DD80A29C93F97002D9487 /* EmployeeListRow.swift in Sources */,
				224B645129C9621D00F08EA3 /* ContentViewModel.swift in Sources */,
				22B5315C29CA26000019D6AA /* StringExtensions.swift in Sources */,
				220DD7DE29C93210002D9487 /* ContentView.swift in Sources */,
				220DD80729C9348D002D9487 /* Employee.swift in Sources */,
				220DD7DC29C93210002D9487 /* BlockDemoApp.swift in Sources */,
			);
			runOnlyForDeploymentPostprocessing = 0;
		};
		220DD7E429C93212002D9487 /* Sources */ = {
			isa = PBXSourcesBuildPhase;
			buildActionMask = 2147483647;
			files = (
				220DD7ED29C93212002D9487 /* BlockDemoTests.swift in Sources */,
			);
			runOnlyForDeploymentPostprocessing = 0;
		};
		220DD7EE29C93212002D9487 /* Sources */ = {
			isa = PBXSourcesBuildPhase;
			buildActionMask = 2147483647;
			files = (
				220DD7F729C93212002D9487 /* BlockDemoUITests.swift in Sources */,
				220DD7F929C93212002D9487 /* BlockDemoUITestsLaunchTests.swift in Sources */,
			);
			runOnlyForDeploymentPostprocessing = 0;
		};
/* End PBXSourcesBuildPhase section */

/* Begin PBXTargetDependency section */
		220DD7EA29C93212002D9487 /* PBXTargetDependency */ = {
			isa = PBXTargetDependency;
			target = 220DD7D729C93210002D9487 /* BlockDemo */;
			targetProxy = 220DD7E929C93212002D9487 /* PBXContainerItemProxy */;
		};
		220DD7F429C93212002D9487 /* PBXTargetDependency */ = {
			isa = PBXTargetDependency;
			target = 220DD7D729C93210002D9487 /* BlockDemo */;
			targetProxy = 220DD7F329C93212002D9487 /* PBXContainerItemProxy */;
		};
/* End PBXTargetDependency section */

/* Begin XCBuildConfiguration section */
		220DD7FA29C93212002D9487 /* Debug */ = {
			isa = XCBuildConfiguration;
			buildSettings = {
				ALWAYS_SEARCH_USER_PATHS = NO;
				CLANG_ANALYZER_NONNULL = YES;
				CLANG_ANALYZER_NUMBER_OBJECT_CONVERSION = YES_AGGRESSIVE;
				CLANG_CXX_LANGUAGE_STANDARD = "gnu++20";
				CLANG_ENABLE_MODULES = YES;
				CLANG_ENABLE_OBJC_ARC = YES;
				CLANG_ENABLE_OBJC_WEAK = YES;
				CLANG_WARN_BLOCK_CAPTURE_AUTORELEASING = YES;
				CLANG_WARN_BOOL_CONVERSION = YES;
				CLANG_WARN_COMMA = YES;
				CLANG_WARN_CONSTANT_CONVERSION = YES;
				CLANG_WARN_DEPRECATED_OBJC_IMPLEMENTATIONS = YES;
				CLANG_WARN_DIRECT_OBJC_ISA_USAGE = YES_ERROR;
				CLANG_WARN_DOCUMENTATION_COMMENTS = YES;
				CLANG_WARN_EMPTY_BODY = YES;
				CLANG_WARN_ENUM_CONVERSION = YES;
				CLANG_WARN_INFINITE_RECURSION = YES;
				CLANG_WARN_INT_CONVERSION = YES;
				CLANG_WARN_NON_LITERAL_NULL_CONVERSION = YES;
				CLANG_WARN_OBJC_IMPLICIT_RETAIN_SELF = YES;
				CLANG_WARN_OBJC_LITERAL_CONVERSION = YES;
				CLANG_WARN_OBJC_ROOT_CLASS = YES_ERROR;
				CLANG_WARN_QUOTED_INCLUDE_IN_FRAMEWORK_HEADER = YES;
				CLANG_WARN_RANGE_LOOP_ANALYSIS = YES;
				CLANG_WARN_STRICT_PROTOTYPES = YES;
				CLANG_WARN_SUSPICIOUS_MOVE = YES;
				CLANG_WARN_UNGUARDED_AVAILABILITY = YES_AGGRESSIVE;
				CLANG_WARN_UNREACHABLE_CODE = YES;
				CLANG_WARN__DUPLICATE_METHOD_MATCH = YES;
				COPY_PHASE_STRIP = NO;
				DEBUG_INFORMATION_FORMAT = dwarf;
				ENABLE_STRICT_OBJC_MSGSEND = YES;
				ENABLE_TESTABILITY = YES;
				GCC_C_LANGUAGE_STANDARD = gnu11;
				GCC_DYNAMIC_NO_PIC = NO;
				GCC_NO_COMMON_BLOCKS = YES;
				GCC_OPTIMIZATION_LEVEL = 0;
				GCC_PREPROCESSOR_DEFINITIONS = (
					"DEBUG=1",
					"$(inherited)",
				);
				GCC_WARN_64_TO_32_BIT_CONVERSION = YES;
				GCC_WARN_ABOUT_RETURN_TYPE = YES_ERROR;
				GCC_WARN_UNDECLARED_SELECTOR = YES;
				GCC_WARN_UNINITIALIZED_AUTOS = YES_AGGRESSIVE;
				GCC_WARN_UNUSED_FUNCTION = YES;
				GCC_WARN_UNUSED_VARIABLE = YES;
				IPHONEOS_DEPLOYMENT_TARGET = 16.2;
				MTL_ENABLE_DEBUG_INFO = INCLUDE_SOURCE;
				MTL_FAST_MATH = YES;
				ONLY_ACTIVE_ARCH = YES;
				SDKROOT = iphoneos;
				SWIFT_ACTIVE_COMPILATION_CONDITIONS = DEBUG;
				SWIFT_OPTIMIZATION_LEVEL = "-Onone";
			};
			name = Debug;
		};
		220DD7FB29C93212002D9487 /* Release */ = {
			isa = XCBuildConfiguration;
			buildSettings = {
				ALWAYS_SEARCH_USER_PATHS = NO;
				CLANG_ANALYZER_NONNULL = YES;
				CLANG_ANALYZER_NUMBER_OBJECT_CONVERSION = YES_AGGRESSIVE;
				CLANG_CXX_LANGUAGE_STANDARD = "gnu++20";
				CLANG_ENABLE_MODULES = YES;
				CLANG_ENABLE_OBJC_ARC = YES;
				CLANG_ENABLE_OBJC_WEAK = YES;
				CLANG_WARN_BLOCK_CAPTURE_AUTORELEASING = YES;
				CLANG_WARN_BOOL_CONVERSION = YES;
				CLANG_WARN_COMMA = YES;
				CLANG_WARN_CONSTANT_CONVERSION = YES;
				CLANG_WARN_DEPRECATED_OBJC_IMPLEMENTATIONS = YES;
				CLANG_WARN_DIRECT_OBJC_ISA_USAGE = YES_ERROR;
				CLANG_WARN_DOCUMENTATION_COMMENTS = YES;
				CLANG_WARN_EMPTY_BODY = YES;
				CLANG_WARN_ENUM_CONVERSION = YES;
				CLANG_WARN_INFINITE_RECURSION = YES;
				CLANG_WARN_INT_CONVERSION = YES;
				CLANG_WARN_NON_LITERAL_NULL_CONVERSION = YES;
				CLANG_WARN_OBJC_IMPLICIT_RETAIN_SELF = YES;
				CLANG_WARN_OBJC_LITERAL_CONVERSION = YES;
				CLANG_WARN_OBJC_ROOT_CLASS = YES_ERROR;
				CLANG_WARN_QUOTED_INCLUDE_IN_FRAMEWORK_HEADER = YES;
				CLANG_WARN_RANGE_LOOP_ANALYSIS = YES;
				CLANG_WARN_STRICT_PROTOTYPES = YES;
				CLANG_WARN_SUSPICIOUS_MOVE = YES;
				CLANG_WARN_UNGUARDED_AVAILABILITY = YES_AGGRESSIVE;
				CLANG_WARN_UNREACHABLE_CODE = YES;
				CLANG_WARN__DUPLICATE_METHOD_MATCH = YES;
				COPY_PHASE_STRIP = NO;
				DEBUG_INFORMATION_FORMAT = "dwarf-with-dsym";
				ENABLE_NS_ASSERTIONS = NO;
				ENABLE_STRICT_OBJC_MSGSEND = YES;
				GCC_C_LANGUAGE_STANDARD = gnu11;
				GCC_NO_COMMON_BLOCKS = YES;
				GCC_WARN_64_TO_32_BIT_CONVERSION = YES;
				GCC_WARN_ABOUT_RETURN_TYPE = YES_ERROR;
				GCC_WARN_UNDECLARED_SELECTOR = YES;
				GCC_WARN_UNINITIALIZED_AUTOS = YES_AGGRESSIVE;
				GCC_WARN_UNUSED_FUNCTION = YES;
				GCC_WARN_UNUSED_VARIABLE = YES;
				IPHONEOS_DEPLOYMENT_TARGET = 16.2;
				MTL_ENABLE_DEBUG_INFO = NO;
				MTL_FAST_MATH = YES;
				SDKROOT = iphoneos;
				SWIFT_COMPILATION_MODE = wholemodule;
				SWIFT_OPTIMIZATION_LEVEL = "-O";
				VALIDATE_PRODUCT = YES;
			};
			name = Release;
		};
		220DD7FD29C93212002D9487 /* Debug */ = {
			isa = XCBuildConfiguration;
			buildSettings = {
				ASSETCATALOG_COMPILER_APPICON_NAME = AppIcon;
				ASSETCATALOG_COMPILER_GLOBAL_ACCENT_COLOR_NAME = AccentColor;
				CODE_SIGN_STYLE = Automatic;
				CURRENT_PROJECT_VERSION = 1;
				DEVELOPMENT_ASSET_PATHS = "\"BlockDemo/Preview Content\"";
				DEVELOPMENT_TEAM = LL5YWMJCMB;
				ENABLE_PREVIEWS = YES;
				GENERATE_INFOPLIST_FILE = YES;
				INFOPLIST_KEY_UIApplicationSceneManifest_Generation = YES;
				INFOPLIST_KEY_UIApplicationSupportsIndirectInputEvents = YES;
				INFOPLIST_KEY_UILaunchScreen_Generation = YES;
				INFOPLIST_KEY_UISupportedInterfaceOrientations = UIInterfaceOrientationPortrait;
				INFOPLIST_KEY_UISupportedInterfaceOrientations_iPad = "UIInterfaceOrientationLandscapeLeft UIInterfaceOrientationLandscapeRight UIInterfaceOrientationPortrait UIInterfaceOrientationPortraitUpsideDown";
				LD_RUNPATH_SEARCH_PATHS = (
					"$(inherited)",
					"@executable_path/Frameworks",
				);
				MARKETING_VERSION = 1.0;
				PRODUCT_BUNDLE_IDENTIFIER = mp.BlockDemo;
				PRODUCT_NAME = "$(TARGET_NAME)";
				SUPPORTED_PLATFORMS = "iphoneos iphonesimulator";
				SUPPORTS_MACCATALYST = NO;
				SUPPORTS_MAC_DESIGNED_FOR_IPHONE_IPAD = YES;
				SWIFT_EMIT_LOC_STRINGS = YES;
				SWIFT_VERSION = 5.0;
				TARGETED_DEVICE_FAMILY = 1;
			};
			name = Debug;
		};
		220DD7FE29C93212002D9487 /* Release */ = {
			isa = XCBuildConfiguration;
			buildSettings = {
				ASSETCATALOG_COMPILER_APPICON_NAME = AppIcon;
				ASSETCATALOG_COMPILER_GLOBAL_ACCENT_COLOR_NAME = AccentColor;
				CODE_SIGN_STYLE = Automatic;
				CURRENT_PROJECT_VERSION = 1;
				DEVELOPMENT_ASSET_PATHS = "\"BlockDemo/Preview Content\"";
				DEVELOPMENT_TEAM = LL5YWMJCMB;
				ENABLE_PREVIEWS = YES;
				GENERATE_INFOPLIST_FILE = YES;
				INFOPLIST_KEY_UIApplicationSceneManifest_Generation = YES;
				INFOPLIST_KEY_UIApplicationSupportsIndirectInputEvents = YES;
				INFOPLIST_KEY_UILaunchScreen_Generation = YES;
				INFOPLIST_KEY_UISupportedInterfaceOrientations = UIInterfaceOrientationPortrait;
				INFOPLIST_KEY_UISupportedInterfaceOrientations_iPad = "UIInterfaceOrientationLandscapeLeft UIInterfaceOrientationLandscapeRight UIInterfaceOrientationPortrait UIInterfaceOrientationPortraitUpsideDown";
				LD_RUNPATH_SEARCH_PATHS = (
					"$(inherited)",
					"@executable_path/Frameworks",
				);
				MARKETING_VERSION = 1.0;
				PRODUCT_BUNDLE_IDENTIFIER = mp.BlockDemo;
				PRODUCT_NAME = "$(TARGET_NAME)";
				SUPPORTED_PLATFORMS = "iphoneos iphonesimulator";
				SUPPORTS_MACCATALYST = NO;
				SUPPORTS_MAC_DESIGNED_FOR_IPHONE_IPAD = YES;
				SWIFT_EMIT_LOC_STRINGS = YES;
				SWIFT_VERSION = 5.0;
				TARGETED_DEVICE_FAMILY = 1;
			};
			name = Release;
		};
		220DD80029C93212002D9487 /* Debug */ = {
			isa = XCBuildConfiguration;
			buildSettings = {
				ALWAYS_EMBED_SWIFT_STANDARD_LIBRARIES = YES;
				BUNDLE_LOADER = "$(TEST_HOST)";
				CODE_SIGN_STYLE = Automatic;
				CURRENT_PROJECT_VERSION = 1;
				DEVELOPMENT_TEAM = LL5YWMJCMB;
				GENERATE_INFOPLIST_FILE = YES;
				IPHONEOS_DEPLOYMENT_TARGET = 16.2;
				MARKETING_VERSION = 1.0;
				PRODUCT_BUNDLE_IDENTIFIER = mp.BlockDemoTests;
				PRODUCT_NAME = "$(TARGET_NAME)";
				SWIFT_EMIT_LOC_STRINGS = NO;
				SWIFT_VERSION = 5.0;
				TARGETED_DEVICE_FAMILY = "1,2";
				TEST_HOST = "$(BUILT_PRODUCTS_DIR)/BlockDemo.app/$(BUNDLE_EXECUTABLE_FOLDER_PATH)/BlockDemo";
			};
			name = Debug;
		};
		220DD80129C93212002D9487 /* Release */ = {
			isa = XCBuildConfiguration;
			buildSettings = {
				ALWAYS_EMBED_SWIFT_STANDARD_LIBRARIES = YES;
				BUNDLE_LOADER = "$(TEST_HOST)";
				CODE_SIGN_STYLE = Automatic;
				CURRENT_PROJECT_VERSION = 1;
				DEVELOPMENT_TEAM = LL5YWMJCMB;
				GENERATE_INFOPLIST_FILE = YES;
				IPHONEOS_DEPLOYMENT_TARGET = 16.2;
				MARKETING_VERSION = 1.0;
				PRODUCT_BUNDLE_IDENTIFIER = mp.BlockDemoTests;
				PRODUCT_NAME = "$(TARGET_NAME)";
				SWIFT_EMIT_LOC_STRINGS = NO;
				SWIFT_VERSION = 5.0;
				TARGETED_DEVICE_FAMILY = "1,2";
				TEST_HOST = "$(BUILT_PRODUCTS_DIR)/BlockDemo.app/$(BUNDLE_EXECUTABLE_FOLDER_PATH)/BlockDemo";
			};
			name = Release;
		};
		220DD80329C93212002D9487 /* Debug */ = {
			isa = XCBuildConfiguration;
			buildSettings = {
				ALWAYS_EMBED_SWIFT_STANDARD_LIBRARIES = YES;
				CODE_SIGN_STYLE = Automatic;
				CURRENT_PROJECT_VERSION = 1;
				DEVELOPMENT_TEAM = LL5YWMJCMB;
				GENERATE_INFOPLIST_FILE = YES;
				MARKETING_VERSION = 1.0;
				PRODUCT_BUNDLE_IDENTIFIER = mp.BlockDemoUITests;
				PRODUCT_NAME = "$(TARGET_NAME)";
				SWIFT_EMIT_LOC_STRINGS = NO;
				SWIFT_VERSION = 5.0;
				TARGETED_DEVICE_FAMILY = "1,2";
				TEST_TARGET_NAME = BlockDemo;
			};
			name = Debug;
		};
		220DD80429C93212002D9487 /* Release */ = {
			isa = XCBuildConfiguration;
			buildSettings = {
				ALWAYS_EMBED_SWIFT_STANDARD_LIBRARIES = YES;
				CODE_SIGN_STYLE = Automatic;
				CURRENT_PROJECT_VERSION = 1;
				DEVELOPMENT_TEAM = LL5YWMJCMB;
				GENERATE_INFOPLIST_FILE = YES;
				MARKETING_VERSION = 1.0;
				PRODUCT_BUNDLE_IDENTIFIER = mp.BlockDemoUITests;
				PRODUCT_NAME = "$(TARGET_NAME)";
				SWIFT_EMIT_LOC_STRINGS = NO;
				SWIFT_VERSION = 5.0;
				TARGETED_DEVICE_FAMILY = "1,2";
				TEST_TARGET_NAME = BlockDemo;
			};
			name = Release;
		};
/* End XCBuildConfiguration section */

/* Begin XCConfigurationList section */
		220DD7D329C93210002D9487 /* Build configuration list for PBXProject "BlockDemo" */ = {
			isa = XCConfigurationList;
			buildConfigurations = (
				220DD7FA29C93212002D9487 /* Debug */,
				220DD7FB29C93212002D9487 /* Release */,
			);
			defaultConfigurationIsVisible = 0;
			defaultConfigurationName = Release;
		};
		220DD7FC29C93212002D9487 /* Build configuration list for PBXNativeTarget "BlockDemo" */ = {
			isa = XCConfigurationList;
			buildConfigurations = (
				220DD7FD29C93212002D9487 /* Debug */,
				220DD7FE29C93212002D9487 /* Release */,
			);
			defaultConfigurationIsVisible = 0;
			defaultConfigurationName = Release;
		};
		220DD7FF29C93212002D9487 /* Build configuration list for PBXNativeTarget "BlockDemoTests" */ = {
			isa = XCConfigurationList;
			buildConfigurations = (
				220DD80029C93212002D9487 /* Debug */,
				220DD80129C93212002D9487 /* Release */,
			);
			defaultConfigurationIsVisible = 0;
			defaultConfigurationName = Release;
		};
		220DD80229C93212002D9487 /* Build configuration list for PBXNativeTarget "BlockDemoUITests" */ = {
			isa = XCConfigurationList;
			buildConfigurations = (
				220DD80329C93212002D9487 /* Debug */,
				220DD80429C93212002D9487 /* Release */,
			);
			defaultConfigurationIsVisible = 0;
			defaultConfigurationName = Release;
		};
/* End XCConfigurationList section */

/* Begin XCRemoteSwiftPackageReference section */
		2286A9CC29CBB0B3009CBFB8 /* XCRemoteSwiftPackageReference "swiftui-cached-async-image" */ = {
			isa = XCRemoteSwiftPackageReference;
			repositoryURL = "https://github.com/lorenzofiamingo/swiftui-cached-async-image";
			requirement = {
				kind = upToNextMajorVersion;
				minimumVersion = 2.0.0;
			};
		};
/* End XCRemoteSwiftPackageReference section */

/* Begin XCSwiftPackageProductDependency section */
		2286A9CD29CBB0B3009CBFB8 /* CachedAsyncImage */ = {
			isa = XCSwiftPackageProductDependency;
			package = 2286A9CC29CBB0B3009CBFB8 /* XCRemoteSwiftPackageReference "swiftui-cached-async-image" */;
			productName = CachedAsyncImage;
		};
/* End XCSwiftPackageProductDependency section */
	};
	rootObject = 220DD7D029C93210002D9487 /* Project object */;
}
